{
  "name": "mongo-async-rpc",
  "version": "0.0.1",
  "lockfileVersion": 3,
  "requires": true,
  "packages": {
    "": {
      "name": "mongo-async-rpc",
      "version": "0.0.1",
      "license": "LGPL-3.0",
      "dependencies": {
        "@types/node": "^14.18.36",
        "@zimtsui/delta-stream": "^0.0.2",
        "@zimtsui/node-time-engine": "^0.0.3",
        "@zimtsui/pollerloop": "^0.0.5",
        "mongodb": "^5.1.0"
      },
      "peerDependencies": {
        "@zimtsui/startable": "^0.0.4"
      }
    },
    "node_modules/@types/assert": {
      "version": "1.5.6",
      "resolved": "https://registry.npmjs.org/@types/assert/-/assert-1.5.6.tgz",
      "integrity": "sha512-Y7gDJiIqb9qKUHfBQYOWGngUpLORtirAVPuj/CWJrU2C6ZM4/y3XLwuwfGMF8s7QzW746LQZx23m0+1FSgjfug=="
    },
    "node_modules/@types/events": {
      "version": "3.0.0",
      "resolved": "https://registry.npmjs.org/@types/events/-/events-3.0.0.tgz",
      "integrity": "sha512-EaObqwIvayI5a8dCzhFrjKzVwKLxjoG9T6Ppd5CEo07LRKfQ8Yokw54r5+Wq7FaBQ+yXRvQAYPrHwya1/UFt9g=="
    },
    "node_modules/@types/node": {
      "version": "14.18.36",
      "resolved": "https://registry.npmjs.org/@types/node/-/node-14.18.36.tgz",
      "integrity": "sha512-FXKWbsJ6a1hIrRxv+FoukuHnGTgEzKYGi7kilfMae96AL9UNkPFNWJEEYWzdRI9ooIkbr4AKldyuSTLql06vLQ=="
    },
    "node_modules/@types/webidl-conversions": {
      "version": "7.0.0",
      "resolved": "https://registry.npmjs.org/@types/webidl-conversions/-/webidl-conversions-7.0.0.tgz",
      "integrity": "sha512-xTE1E+YF4aWPJJeUzaZI5DRntlkY3+BCVJi0axFptnjGmAoWxkyREIh/XMrfxVLejwQxMCfDXdICo0VLxThrog=="
    },
    "node_modules/@types/whatwg-url": {
      "version": "8.2.2",
      "resolved": "https://registry.npmjs.org/@types/whatwg-url/-/whatwg-url-8.2.2.tgz",
      "integrity": "sha512-FtQu10RWgn3D9U4aazdwIE2yzphmTJREDqNdODHrbrZmmMqI0vMheC/6NE/J1Yveaj8H+ela+YwWTjq5PGmuhA==",
      "dependencies": {
        "@types/node": "*",
        "@types/webidl-conversions": "*"
      }
    },
    "node_modules/@zimtsui/coroutine-locks": {
      "version": "0.0.15",
      "resolved": "https://registry.npmjs.org/@zimtsui/coroutine-locks/-/coroutine-locks-0.0.15.tgz",
      "integrity": "sha512-kjaeJ39n+aiYpuv7YjITf3Efc9zPzKVbE9gU/263etzWXdvfn9ryMANx41TTPHuwJtVBL63hAopN9wiaEb6K3A==",
      "dependencies": {
        "@types/assert": "^1.5.6",
        "@types/events": "^3.0.0",
        "@zimtsui/deque": "^0.0.7",
        "assert": "^1.5.0",
        "autobind-decorator": "^2.4.0",
        "events": "^3.3.0"
      }
    },
    "node_modules/@zimtsui/delta-stream": {
      "version": "0.0.2",
      "resolved": "https://registry.npmjs.org/@zimtsui/delta-stream/-/delta-stream-0.0.2.tgz",
      "integrity": "sha512-vLzGkaw2Y5RR3U2A+5p5MkfpN6vM9ux6vOa6FsQ9L9E7nWJAFw5jnYOCm2u95kgFR4vtC3Admq5/BZZapSfRpg==",
      "dependencies": {
        "@zimtsui/coroutine-locks": "^0.0.15",
        "events": "^3.3.0"
      }
    },
    "node_modules/@zimtsui/deque": {
      "version": "0.0.7",
      "resolved": "https://registry.npmjs.org/@zimtsui/deque/-/deque-0.0.7.tgz",
      "integrity": "sha512-W1Uk86CFIV6efqhSX1HXNmWBfH7HSBvnwUSXzWD2zNTbMnZ8u6JZ+rCg9CVf8ulYQKxzw8KE3vDqzNcARbfgqg==",
      "dependencies": {
        "@types/assert": "^1.5.6",
        "@zimtsui/linked-list": "^0.0.2",
        "assert": "^1.5.0"
      }
    },
    "node_modules/@zimtsui/linked-list": {
      "version": "0.0.2",
      "resolved": "https://registry.npmjs.org/@zimtsui/linked-list/-/linked-list-0.0.2.tgz",
      "integrity": "sha512-V+lxkM1j9a9EwX2BjVYyI75Q+BcScEGCU3Lxyi1QJr5/1vW1+6lGa1UCqXOfjANzD6USLt/4JBxVMyaK/zv2jA==",
      "dependencies": {
        "@types/assert": "^1.5.6",
        "assert": "^1.5.0"
      }
    },
    "node_modules/@zimtsui/node-time-engine": {
      "version": "0.0.3",
      "resolved": "https://registry.npmjs.org/@zimtsui/node-time-engine/-/node-time-engine-0.0.3.tgz",
      "integrity": "sha512-0FcrmPjFwWPPnSU0XLjv4kbkk3fIJEPVmlTDeZuiju4sR2xPCV1PQ/USXpKnaMzHV+RrHFW1MzJ2aum2+jBv1A==",
      "dependencies": {
        "@types/node": "^14.18.36",
        "autobind-decorator": "^2.4.0"
      },
      "engines": {
        "node": ">=14"
      },
      "peerDependencies": {
        "@zimtsui/time-engine-like": "^0.0.4"
      }
    },
    "node_modules/@zimtsui/pollerloop": {
      "version": "0.0.5",
      "resolved": "https://registry.npmjs.org/@zimtsui/pollerloop/-/pollerloop-0.0.5.tgz",
      "integrity": "sha512-s97Y2Ylu0iq+touoaNnkoP4+duXpZCHf58Ldwp01tS/tCYRBvi148fTwoA8TjmiqO1D3XAGT71eifAipbztZ4g==",
      "peerDependencies": {
        "@zimtsui/startable": "^0.0.4",
        "@zimtsui/time-engine-like": "^0.0.4"
      }
    },
    "node_modules/@zimtsui/startable": {
      "version": "0.0.4",
      "resolved": "https://registry.npmjs.org/@zimtsui/startable/-/startable-0.0.4.tgz",
      "integrity": "sha512-4perNk87hiZiNL4bgPR8kNKnww4lhh65ydPS0WCAtYX4T/ColgnAHZQMUksPfPDK7Y6BR1cvNMn2bpHUC01zsg==",
      "peer": true,
      "dependencies": {
        "@types/assert": "^1.5.6",
        "@types/events": "^3.0.0",
        "@zimtsui/coroutine-locks": "^0.0.15",
        "assert": "^1.5.0",
        "autobind-decorator": "^2.4.0",
        "events": "^3.3.0"
      }
    },
    "node_modules/@zimtsui/time-engine-like": {
      "version": "0.0.4",
      "resolved": "https://registry.npmjs.org/@zimtsui/time-engine-like/-/time-engine-like-0.0.4.tgz",
      "integrity": "sha512-TFcGWPo25uhUtb0dQl9s1fiyjhDyCs0OnVTtY30lntp1WM1XRcfyTaYzDf01sI8Xjpxpk87Zdxth5DoLjPxO6A==",
      "peer": true,
      "dependencies": {
        "@zimtsui/coroutine-locks": "^0.0.15",
        "autobind-decorator": "^2.4.0"
      }
    },
    "node_modules/assert": {
      "version": "1.5.0",
      "resolved": "https://registry.npmjs.org/assert/-/assert-1.5.0.tgz",
      "integrity": "sha512-EDsgawzwoun2CZkCgtxJbv392v4nbk9XDD06zI+kQYoBM/3RBWLlEyJARDOmhAAosBjWACEkKL6S+lIZtcAubA==",
      "dependencies": {
        "object-assign": "^4.1.1",
        "util": "0.10.3"
      }
    },
    "node_modules/autobind-decorator": {
      "version": "2.4.0",
      "resolved": "https://registry.npmjs.org/autobind-decorator/-/autobind-decorator-2.4.0.tgz",
      "integrity": "sha512-OGYhWUO72V6DafbF8PM8rm3EPbfuyMZcJhtm5/n26IDwO18pohE4eNazLoCGhPiXOCD0gEGmrbU3849QvM8bbw==",
      "engines": {
        "node": ">=8.10",
        "npm": ">=6.4.1"
      }
    },
    "node_modules/bson": {
      "version": "5.0.1",
      "resolved": "https://registry.npmjs.org/bson/-/bson-5.0.1.tgz",
      "integrity": "sha512-y09gBGusgHtinMon/GVbv1J6FrXhnr/+6hqLlSmEFzkz6PodqF6TxjyvfvY3AfO+oG1mgUtbC86xSbOlwvM62Q==",
      "engines": {
        "node": ">=14.20.1"
      }
    },
    "node_modules/events": {
      "version": "3.3.0",
      "resolved": "https://registry.npmjs.org/events/-/events-3.3.0.tgz",
      "integrity": "sha512-mQw+2fkQbALzQ7V0MY0IqdnXNOeTtP4r0lN9z7AAawCXgqea7bDii20AYrIBrFd/Hx0M2Ocz6S111CaFkUcb0Q==",
      "engines": {
        "node": ">=0.8.x"
      }
    },
    "node_modules/inherits": {
      "version": "2.0.1",
      "resolved": "https://registry.npmjs.org/inherits/-/inherits-2.0.1.tgz",
      "integrity": "sha512-8nWq2nLTAwd02jTqJExUYFSD/fKq6VH9Y/oG2accc/kdI0V98Bag8d5a4gi3XHz73rDWa2PvTtvcWYquKqSENA=="
    },
    "node_modules/ip": {
      "version": "2.0.0",
      "resolved": "https://registry.npmjs.org/ip/-/ip-2.0.0.tgz",
      "integrity": "sha512-WKa+XuLG1A1R0UWhl2+1XQSi+fZWMsYKffMZTTYsiZaUD8k2yDAj5atimTUD2TZkyCkNEeYE5NhFZmupOGtjYQ=="
    },
    "node_modules/memory-pager": {
      "version": "1.5.0",
      "resolved": "https://registry.npmjs.org/memory-pager/-/memory-pager-1.5.0.tgz",
      "integrity": "sha512-ZS4Bp4r/Zoeq6+NLJpP+0Zzm0pR8whtGPf1XExKLJBAczGMnSi3It14OiNCStjQjM6NU1okjQGSxgEZN8eBYKg==",
      "optional": true
    },
    "node_modules/mongodb": {
      "version": "5.1.0",
      "resolved": "https://registry.npmjs.org/mongodb/-/mongodb-5.1.0.tgz",
      "integrity": "sha512-qgKb7y+EI90y4weY3z5+lIgm8wmexbonz0GalHkSElQXVKtRuwqXuhXKccyvIjXCJVy9qPV82zsinY0W1FBnJw==",
      "dependencies": {
        "bson": "^5.0.1",
        "mongodb-connection-string-url": "^2.6.0",
        "socks": "^2.7.1"
      },
      "engines": {
        "node": ">=14.20.1"
      },
      "optionalDependencies": {
        "saslprep": "^1.0.3"
      },
      "peerDependencies": {
        "@aws-sdk/credential-providers": "^3.201.0",
        "mongodb-client-encryption": "^2.3.0",
        "snappy": "^7.2.2"
      },
      "peerDependenciesMeta": {
        "@aws-sdk/credential-providers": {
          "optional": true
        },
        "mongodb-client-encryption": {
          "optional": true
        },
        "snappy": {
          "optional": true
        }
      }
    },
    "node_modules/mongodb-connection-string-url": {
      "version": "2.6.0",
      "resolved": "https://registry.npmjs.org/mongodb-connection-string-url/-/mongodb-connection-string-url-2.6.0.tgz",
      "integrity": "sha512-WvTZlI9ab0QYtTYnuMLgobULWhokRjtC7db9LtcVfJ+Hsnyr5eo6ZtNAt3Ly24XZScGMelOcGtm7lSn0332tPQ==",
      "dependencies": {
        "@types/whatwg-url": "^8.2.1",
        "whatwg-url": "^11.0.0"
      }
    },
    "node_modules/object-assign": {
      "version": "4.1.1",
      "resolved": "https://registry.npmjs.org/object-assign/-/object-assign-4.1.1.tgz",
      "integrity": "sha512-rJgTQnkUnH1sFw8yT6VSU3zD3sWmu6sZhIseY8VX+GRu3P6F7Fu+JNDoXfklElbLJSnc3FUQHVe4cU5hj+BcUg==",
      "engines": {
        "node": ">=0.10.0"
      }
    },
    "node_modules/punycode": {
      "version": "2.3.0",
      "resolved": "https://registry.npmjs.org/punycode/-/punycode-2.3.0.tgz",
      "integrity": "sha512-rRV+zQD8tVFys26lAGR9WUuS4iUAngJScM+ZRSKtvl5tKeZ2t5bvdNFdNHBW9FWR4guGHlgmsZ1G7BSm2wTbuA==",
      "engines": {
        "node": ">=6"
      }
    },
    "node_modules/saslprep": {
      "version": "1.0.3",
      "resolved": "https://registry.npmjs.org/saslprep/-/saslprep-1.0.3.tgz",
      "integrity": "sha512-/MY/PEMbk2SuY5sScONwhUDsV2p77Znkb/q3nSVstq/yQzYJOH/Azh29p9oJLsl3LnQwSvZDKagDGBsBwSooag==",
      "optional": true,
      "dependencies": {
        "sparse-bitfield": "^3.0.3"
      },
      "engines": {
        "node": ">=6"
      }
    },
    "node_modules/smart-buffer": {
      "version": "4.2.0",
      "resolved": "https://registry.npmjs.org/smart-buffer/-/smart-buffer-4.2.0.tgz",
      "integrity": "sha512-94hK0Hh8rPqQl2xXc3HsaBoOXKV20MToPkcXvwbISWLEs+64sBq5kFgn2kJDHb1Pry9yrP0dxrCI9RRci7RXKg==",
      "engines": {
        "node": ">= 6.0.0",
        "npm": ">= 3.0.0"
      }
    },
    "node_modules/socks": {
      "version": "2.7.1",
      "resolved": "https://registry.npmjs.org/socks/-/socks-2.7.1.tgz",
      "integrity": "sha512-7maUZy1N7uo6+WVEX6psASxtNlKaNVMlGQKkG/63nEDdLOWNbiUMoLK7X4uYoLhQstau72mLgfEWcXcwsaHbYQ==",
      "dependencies": {
        "ip": "^2.0.0",
        "smart-buffer": "^4.2.0"
      },
      "engines": {
        "node": ">= 10.13.0",
        "npm": ">= 3.0.0"
      }
    },
    "node_modules/sparse-bitfield": {
      "version": "3.0.3",
      "resolved": "https://registry.npmjs.org/sparse-bitfield/-/sparse-bitfield-3.0.3.tgz",
      "integrity": "sha512-kvzhi7vqKTfkh0PZU+2D2PIllw2ymqJKujUcyPMd9Y75Nv4nPbGJZXNhxsgdQab2BmlDct1YnfQCguEvHr7VsQ==",
      "optional": true,
      "dependencies": {
        "memory-pager": "^1.0.2"
      }
    },
    "node_modules/tr46": {
      "version": "3.0.0",
      "resolved": "https://registry.npmjs.org/tr46/-/tr46-3.0.0.tgz",
      "integrity": "sha512-l7FvfAHlcmulp8kr+flpQZmVwtu7nfRV7NZujtN0OqES8EL4O4e0qqzL0DC5gAvx/ZC/9lk6rhcUwYvkBnBnYA==",
      "dependencies": {
        "punycode": "^2.1.1"
      },
      "engines": {
        "node": ">=12"
      }
    },
    "node_modules/util": {
      "version": "0.10.3",
      "resolved": "https://registry.npmjs.org/util/-/util-0.10.3.tgz",
      "integrity": "sha512-5KiHfsmkqacuKjkRkdV7SsfDJ2EGiPsK92s2MhNSY0craxjTdKTtqKsJaCWp4LW33ZZ0OPUv1WO/TFvNQRiQxQ==",
      "dependencies": {
        "inherits": "2.0.1"
      }
    },
    "node_modules/webidl-conversions": {
      "version": "7.0.0",
      "resolved": "https://registry.npmjs.org/webidl-conversions/-/webidl-conversions-7.0.0.tgz",
      "integrity": "sha512-VwddBukDzu71offAQR975unBIGqfKZpM+8ZX6ySk8nYhVoo5CYaZyzt3YBvYtRtO+aoGlqxPg/B87NGVZ/fu6g==",
      "engines": {
        "node": ">=12"
      }
    },
    "node_modules/whatwg-url": {
      "version": "11.0.0",
      "resolved": "https://registry.npmjs.org/whatwg-url/-/whatwg-url-11.0.0.tgz",
      "integrity": "sha512-RKT8HExMpoYx4igMiVMY83lN6UeITKJlBQ+vR/8ZJ8OCdSiN3RwCq+9gH0+Xzj0+5IrM6i4j/6LuvzbZIQgEcQ==",
      "dependencies": {
        "tr46": "^3.0.0",
        "webidl-conversions": "^7.0.0"
      },
      "engines": {
        "node": ">=12"
      }
    }
  }
}
