dependencies:
- name: etcd
  repository: https://charts.bitnami.com/bitnami
  version: 8.3.4
- name: apisix-dashboard
  repository: https://charts.apiseven.com
  version: 0.6.1
- name: apisix-ingress-controller
  repository: https://charts.apiseven.com
  version: 0.10.1
digest: sha256:32791ba5c895ce7864bae161f6e71970c1b017174337e0c5e7d3754f7958889b
generated: "2022-11-08T13:24:13.766319+08:00"
